
Microsoft Visual Studio Solution File, Format Version 12.00
# Visual Studio Version 16
VisualStudioVersion = 16.0.29709.97
MinimumVisualStudioVersion = 10.0.40219.1
Project("{FAE04EC0-301F-11D3-BF4B-00C04F79EFBC}") = "ModbusMasterFramework", "ModbusMasterFramework\ModbusMasterFramework.csproj", "{BA9E1BCE-5884-4B14-97BC-C8E218E02644}"
EndProject
Project("{54435603-DBB4-11D2-8724-00A0C9A8B90C}") = "MasterInstaller", "MasterInstaller\MasterInstaller.vdproj", "{215E9BC1-218D-4BC6-8500-0D7AF679CF9A}"
EndProject
Global
	GlobalSection(SolutionConfigurationPlatforms) = preSolution
		Debug|Any CPU = Debug|Any CPU
		Release|Any CPU = Release|Any CPU
	EndGlobalSection
	GlobalSection(ProjectConfigurationPlatforms) = postSolution
		{BA9E1BCE-5884-4B14-97BC-C8E218E02644}.Debug|Any CPU.ActiveCfg = Debug|Any CPU
		{BA9E1BCE-5884-4B14-97BC-C8E218E02644}.Debug|Any CPU.Build.0 = Debug|Any CPU
		{BA9E1BCE-5884-4B14-97BC-C8E218E02644}.Release|Any CPU.ActiveCfg = Release|Any CPU
		{BA9E1BCE-5884-4B14-97BC-C8E218E02644}.Release|Any CPU.Build.0 = Release|Any CPU
		{215E9BC1-218D-4BC6-8500-0D7AF679CF9A}.Debug|Any CPU.ActiveCfg = Debug
		{215E9BC1-218D-4BC6-8500-0D7AF679CF9A}.Release|Any CPU.ActiveCfg = Release
	EndGlobalSection
	GlobalSection(SolutionProperties) = preSolution
		HideSolutionNode = FALSE
	EndGlobalSection
	GlobalSection(ExtensibilityGlobals) = postSolution
		SolutionGuid = {64FAA732-516B-4452-AF4F-B9C562017A4C}
	EndGlobalSection
EndGlobal
